# THIS IS AN AUTOGENERATED FILE. DO NOT EDIT THIS FILE DIRECTLY.
# yarn lockfile v1


"@babel/helper-plugin-utils@^7.14.5":
  "integrity" "sha512-/37qQCE3K0vvZKwoK4XU/irIJQdIfCJuhU5eKnNxpFDsOkgFaUAwbv+RYw6eYgsC0E4hS7r5KqGULUogqui0fQ=="
  "resolved" "https://registry.npmjs.org/@babel/helper-plugin-utils/-/helper-plugin-utils-7.14.5.tgz"
  "version" "7.14.5"

"@babel/plugin-transform-object-assign@^7.10.4":
  "integrity" "sha512-lvhjk4UN9xJJYB1mI5KC0/o1D5EcJXdbhVe+4fSk08D6ZN+iuAIs7LJC+71h8av9Ew4+uRq9452v9R93SFmQlQ=="
  "resolved" "https://registry.npmjs.org/@babel/plugin-transform-object-assign/-/plugin-transform-object-assign-7.14.5.tgz"
  "version" "7.14.5"
  dependencies:
    "@babel/helper-plugin-utils" "^7.14.5"

"@egjs/hammerjs@^2.0.17":
  "integrity" "sha512-XQsZgjm2EcVUiZQf11UBJQfmZeEmOW8DpI1gsFeln6w0ae0ii4dMQEQ0kjl6DspdWX1aGY1/loyXnP0JS06e/A=="
  "resolved" "https://registry.npmjs.org/@egjs/hammerjs/-/hammerjs-2.0.17.tgz"
  "version" "2.0.17"
  dependencies:
    "@types/hammerjs" "^2.0.36"

"@react-navigation/core@^6.0.1":
  "integrity" "sha512-mVdvBDYdz8uzLQHokmVdX/xC4rS7NIkD1FN/yaGdovVzYApAhM+UGd3w1zskjyCSyXaVHHOwV59ZGVew+84xfQ=="
  "resolved" "https://registry.npmjs.org/@react-navigation/core/-/core-6.0.1.tgz"
  "version" "6.0.1"
  dependencies:
    "@react-navigation/routers" "^6.0.1"
    "escape-string-regexp" "^4.0.0"
    "nanoid" "^3.1.23"
    "query-string" "^7.0.0"
    "react-is" "^16.13.0"

"@react-navigation/drawer@^6.1.4":
  "integrity" "sha512-lmWV/Hxd60LFLsHESOXkDXZmzqpXHoRhBdaxk5FvQHXSBYm+ZB0bP9vq5nTCzUby513wTyM381GBujdgYWCGRA=="
  "resolved" "https://registry.npmjs.org/@react-navigation/drawer/-/drawer-6.1.4.tgz"
  "version" "6.1.4"
  dependencies:
    "@react-navigation/elements" "^1.1.0"
    "color" "^3.1.3"
    "warn-once" "^0.1.0"

"@react-navigation/elements@^1.1.0":
  "integrity" "sha512-jZncciZPGuoP6B6f+Wpf6MYSSYy86B2HJDbFTCtT5xZV0w6V9GgCeqvSTOEAxifZrmKl8uDxsr0GrIxgQE8NxA=="
  "resolved" "https://registry.npmjs.org/@react-navigation/elements/-/elements-1.1.0.tgz"
  "version" "1.1.0"

"@react-navigation/native-stack@^6.1.0":
  "integrity" "sha512-ta8JQ9n6e7pxrXJ9/MYH57g0xhlV8rzGvQtni6KvBdWqqk0M5QDqIXaUkzXp2wvLMZp7LQmnD4FI/TGG2mQOKA=="
  "resolved" "https://registry.npmjs.org/@react-navigation/native-stack/-/native-stack-6.1.0.tgz"
  "version" "6.1.0"
  dependencies:
    "@react-navigation/elements" "^1.1.0"
    "warn-once" "^0.1.0"

"@react-navigation/native@^6.0.0", "@react-navigation/native@^6.0.2":
  "integrity" "sha512-HDqEwgvQ4Cu16vz8jQ55lfyNK9CGbECI1wM9cPOcUa+gkOQEDZ/95VFfFjGGflXZs3ybPvGXlMC4ZAyh1CcO6w=="
  "resolved" "https://registry.npmjs.org/@react-navigation/native/-/native-6.0.2.tgz"
  "version" "6.0.2"
  dependencies:
    "@react-navigation/core" "^6.0.1"
    "escape-string-regexp" "^4.0.0"
    "nanoid" "^3.1.23"

"@react-navigation/routers@^6.0.1":
  "integrity" "sha512-5ctB49rmtTRQuTSBVgqMsEzBUjPP2ByUzBjNivA7jmvk+PDCl4oZsiR8KAm/twhxe215GYThfi2vUWXKAg6EEQ=="
  "resolved" "https://registry.npmjs.org/@react-navigation/routers/-/routers-6.0.1.tgz"
  "version" "6.0.1"
  dependencies:
    "nanoid" "^3.1.23"

"@types/hammerjs@^2.0.36":
  "integrity" "sha512-VbjwR1fhsn2h2KXAY4oy1fm7dCxaKy0D+deTb8Ilc3Eo3rc5+5eA4rfYmZaHgNJKxVyI0f6WIXzO2zLkVmQPHA=="
  "resolved" "https://registry.npmjs.org/@types/hammerjs/-/hammerjs-2.0.40.tgz"
  "version" "2.0.40"

"asap@~2.0.3":
  "integrity" "sha1-5QNHYR1+aQlDIIu9r+vLwvuGbUY="
  "resolved" "https://registry.npmjs.org/asap/-/asap-2.0.6.tgz"
  "version" "2.0.6"

"color-convert@^1.9.3":
  "integrity" "sha512-QfAUtd+vFdAtFQcC8CCyYt1fYWxSqAiK2cSD6zDB8N3cpsEBAvRxp9zOGg6G/SHHJYAT88/az/IuDGALsNVbGg=="
  "resolved" "https://registry.npmjs.org/color-convert/-/color-convert-1.9.3.tgz"
  "version" "1.9.3"
  dependencies:
    "color-name" "1.1.3"

"color-name@^1.0.0":
  "integrity" "sha512-dOy+3AuW3a2wNbZHIuMZpTcgjGuLU/uBL/ubcZF9OXbDo8ff4O8yVp5Bf0efS8uEoYo5q4Fx7dY9OgQGXgAsQA=="
  "resolved" "https://registry.npmjs.org/color-name/-/color-name-1.1.4.tgz"
  "version" "1.1.4"

"color-name@1.1.3":
  "integrity" "sha1-p9BVi9icQveV3UIyj3QIMcpTvCU="
  "resolved" "https://registry.npmjs.org/color-name/-/color-name-1.1.3.tgz"
  "version" "1.1.3"

"color-string@^1.6.0":
  "integrity" "sha512-c/hGS+kRWJutUBEngKKmk4iH3sD59MBkoxVapS/0wgpCz2u7XsNloxknyvBhzwEs1IbV36D9PwqLPJ2DTu3vMA=="
  "resolved" "https://registry.npmjs.org/color-string/-/color-string-1.6.0.tgz"
  "version" "1.6.0"
  dependencies:
    "color-name" "^1.0.0"
    "simple-swizzle" "^0.2.2"

"color@^3.1.3":
  "integrity" "sha512-aBl7dZI9ENN6fUGC7mWpMTPNHmWUSNan9tuWN6ahh5ZLNk9baLJOnSMlrQkHcrfFgz2/RigjUVAjdx36VcemKA=="
  "resolved" "https://registry.npmjs.org/color/-/color-3.2.1.tgz"
  "version" "3.2.1"
  dependencies:
    "color-convert" "^1.9.3"
    "color-string" "^1.6.0"

"cross-fetch@^3.0.4":
  "integrity" "sha512-1eAtFWdIubi6T4XPy6ei9iUFoKpUkIF971QLN8lIvvvwueI65+Nw5haMNKUwfJxabqlIIDODJKGrQ66gxC0PbQ=="
  "resolved" "https://registry.npmjs.org/cross-fetch/-/cross-fetch-3.1.4.tgz"
  "version" "3.1.4"
  dependencies:
    "node-fetch" "2.6.1"

"decode-uri-component@^0.2.0":
  "integrity" "sha1-6zkTMzRYd1y4TNGh+uBiEGu4dUU="
  "resolved" "https://registry.npmjs.org/decode-uri-component/-/decode-uri-component-0.2.0.tgz"
  "version" "0.2.0"

"escape-string-regexp@^4.0.0":
  "integrity" "sha512-TtpcNJ3XAzx3Gq8sWRzJaVajRs0uVxA2YAkdb1jm2YkPz4G6egUFAyA3n5vtEIZefPk5Wa4UXbKuS5fKkJWdgA=="
  "resolved" "https://registry.npmjs.org/escape-string-regexp/-/escape-string-regexp-4.0.0.tgz"
  "version" "4.0.0"

"fbjs-css-vars@^1.0.0":
  "integrity" "sha512-b2XGFAFdWZWg0phtAWLHCk836A1Xann+I+Dgd3Gk64MHKZO44FfoD1KxyvbSh0qZsIoXQGGlVztIY+oitJPpRQ=="
  "resolved" "https://registry.npmjs.org/fbjs-css-vars/-/fbjs-css-vars-1.0.2.tgz"
  "version" "1.0.2"

"fbjs@^3.0.0":
  "integrity" "sha512-dJd4PiDOFuhe7vk4F80Mba83Vr2QuK86FoxtgPmzBqEJahncp+13YCmfoa53KHCo6OnlXLG7eeMWPfB5CrpVKg=="
  "resolved" "https://registry.npmjs.org/fbjs/-/fbjs-3.0.0.tgz"
  "version" "3.0.0"
  dependencies:
    "cross-fetch" "^3.0.4"
    "fbjs-css-vars" "^1.0.0"
    "loose-envify" "^1.0.0"
    "object-assign" "^4.1.0"
    "promise" "^7.1.1"
    "setimmediate" "^1.0.5"
    "ua-parser-js" "^0.7.18"

"filter-obj@^1.1.0":
  "integrity" "sha1-mzERErxsYSehbgFsbF1/GeCAXFs="
  "resolved" "https://registry.npmjs.org/filter-obj/-/filter-obj-1.1.0.tgz"
  "version" "1.1.0"

"hoist-non-react-statics@^3.3.0":
  "integrity" "sha512-/gGivxi8JPKWNm/W0jSmzcMPpfpPLc3dY/6GxhX2hQ9iGj3aDfklV4ET7NjKpSinLpJ5vafa9iiGIEZg10SfBw=="
  "resolved" "https://registry.npmjs.org/hoist-non-react-statics/-/hoist-non-react-statics-3.3.2.tgz"
  "version" "3.3.2"
  dependencies:
    "react-is" "^16.7.0"

"invariant@^2.2.4":
  "integrity" "sha512-phJfQVBuaJM5raOpJjSfkiD6BpbCE4Ns//LaXl6wGYtUBY83nWS6Rf9tXm2e8VaK60JEjYldbPif/A2B1C2gNA=="
  "resolved" "https://registry.npmjs.org/invariant/-/invariant-2.2.4.tgz"
  "version" "2.2.4"
  dependencies:
    "loose-envify" "^1.0.0"

"is-arrayish@^0.3.1":
  "integrity" "sha512-eVRqCvVlZbuw3GrM63ovNSNAeA1K16kaR/LRY/92w0zxQ5/1YzwblUX652i4Xs9RwAGjW9d9y6X88t8OaAJfWQ=="
  "resolved" "https://registry.npmjs.org/is-arrayish/-/is-arrayish-0.3.2.tgz"
  "version" "0.3.2"

"js-tokens@^3.0.0 || ^4.0.0":
  "integrity" "sha512-RdJUflcE3cUzKiMqQgsCu06FPu9UdIJO0beYbPhHN4k6apgJtifcoCtT9bcxOpYBtpD2kCM6Sbzg4CausW/PKQ=="
  "resolved" "https://registry.npmjs.org/js-tokens/-/js-tokens-4.0.0.tgz"
  "version" "4.0.0"

"loose-envify@^1.0.0", "loose-envify@^1.4.0":
  "integrity" "sha512-lyuxPGr/Wfhrlem2CL/UcnUc1zcqKAImBDzukY7Y5F/yQiNdko6+fRLevlw1HgMySw7f611UIY408EtxRSoK3Q=="
  "resolved" "https://registry.npmjs.org/loose-envify/-/loose-envify-1.4.0.tgz"
  "version" "1.4.0"
  dependencies:
    "js-tokens" "^3.0.0 || ^4.0.0"

"mockdate@^3.0.2":
  "integrity" "sha512-iniQP4rj1FhBdBYS/+eQv7j1tadJ9lJtdzgOpvsOHng/GbcDh2Fhdeq+ZRldrPYdXvCyfFUmFeEwEGXZB5I/AQ=="
  "resolved" "https://registry.npmjs.org/mockdate/-/mockdate-3.0.5.tgz"
  "version" "3.0.5"

"nanoid@^3.1.23":
  "integrity" "sha512-rdwtIXaXCLFAQbnfqDRnI6jaRHp9fTcYBjtFKE8eezcZ7LuLjhUaQGNeMXf1HmRoCH32CLz6XwX0TtxEOS/A3Q=="
  "resolved" "https://registry.npmjs.org/nanoid/-/nanoid-3.1.25.tgz"
  "version" "3.1.25"

"node-fetch@2.6.1":
  "integrity" "sha512-V4aYg89jEoVRxRb2fJdAg8FHvI7cEyYdVAh94HH0UIK8oJxUfkjlDQN9RbMx+bEjP7+ggMiFRprSti032Oipxw=="
  "resolved" "https://registry.npmjs.org/node-fetch/-/node-fetch-2.6.1.tgz"
  "version" "2.6.1"

"object-assign@^4.1.0", "object-assign@^4.1.1":
  "integrity" "sha1-IQmtx5ZYh8/AXLvUQsrIv7s2CGM="
  "resolved" "https://registry.npmjs.org/object-assign/-/object-assign-4.1.1.tgz"
  "version" "4.1.1"

"promise@^7.1.1":
  "integrity" "sha512-nolQXZ/4L+bP/UGlkfaIujX9BKxGwmQ9OT4mOt5yvy8iK1h3wqTEJCijzGANTCCl9nWjY41juyAn2K3Q1hLLTg=="
  "resolved" "https://registry.npmjs.org/promise/-/promise-7.3.1.tgz"
  "version" "7.3.1"
  dependencies:
    "asap" "~2.0.3"

"prop-types@^15.7.2":
  "integrity" "sha512-8QQikdH7//R2vurIJSutZ1smHYTcLpRWEOlHnzcWHmBYrOGUysKwSsrC89BCiFj3CbrfJ/nXFdJepOVrY1GCHQ=="
  "resolved" "https://registry.npmjs.org/prop-types/-/prop-types-15.7.2.tgz"
  "version" "15.7.2"
  dependencies:
    "loose-envify" "^1.4.0"
    "object-assign" "^4.1.1"
    "react-is" "^16.8.1"

"query-string@^7.0.0":
  "integrity" "sha512-uIw3iRvHnk9to1blJCG3BTc+Ro56CBowJXKmNNAm3RulvPBzWLRqKSiiDk+IplJhsydwtuNMHi8UGQFcCLVfkA=="
  "resolved" "https://registry.npmjs.org/query-string/-/query-string-7.0.1.tgz"
  "version" "7.0.1"
  dependencies:
    "decode-uri-component" "^0.2.0"
    "filter-obj" "^1.1.0"
    "split-on-first" "^1.0.0"
    "strict-uri-encode" "^2.0.0"

"react-is@^16.13.0", "react-is@^16.7.0", "react-is@^16.8.1":
  "integrity" "sha512-24e6ynE2H+OKt4kqsOvNd8kBpV65zoxbA4BVsEOB3ARVWQki/DHzaUoC5KuON/BiccDaCCTZBuOcfZs70kR8bQ=="
  "resolved" "https://registry.npmjs.org/react-is/-/react-is-16.13.1.tgz"
  "version" "16.13.1"

"react-native-gesture-handler@*", "react-native-gesture-handler@^1.10.3", "react-native-gesture-handler@>= 1.0.0":
  "integrity" "sha512-cBGMi1IEsIVMgoox4RvMx7V2r6bNKw0uR1Mu1o7NbuHS6BRSVLq0dP34l2ecnPlC+jpWd3le6Yg1nrdCjby2Mw=="
  "resolved" "https://registry.npmjs.org/react-native-gesture-handler/-/react-native-gesture-handler-1.10.3.tgz"
  "version" "1.10.3"
  dependencies:
    "@egjs/hammerjs" "^2.0.17"
    "fbjs" "^3.0.0"
    "hoist-non-react-statics" "^3.3.0"
    "invariant" "^2.2.4"
    "prop-types" "^15.7.2"

"react-native-reanimated@^2.2.0", "react-native-reanimated@>= 1.0.0":
  "integrity" "sha512-lOJDd+5w1gY6DHGXG2jD1dsjzQmXQ2699HUc3IztvI2WP4zUT+UAA+zSG+5JiBS5DUnTL8YhhkmUQmr1KNGO5w=="
  "resolved" "https://registry.npmjs.org/react-native-reanimated/-/react-native-reanimated-2.2.0.tgz"
  "version" "2.2.0"
  dependencies:
    "@babel/plugin-transform-object-assign" "^7.10.4"
    "fbjs" "^3.0.0"
    "mockdate" "^3.0.2"
    "string-hash-64" "^1.0.3"

"react-native-safe-area-context@^3.3.2", "react-native-safe-area-context@>= 3.0.0":
  "integrity" "sha512-yOwiiPJ1rk+/nfK13eafbpW6sKW0jOnsRem2C1LPJjM3tfTof6hlvV5eWHATye3XOpu2cJ7N+HdkUvUDGwFD2Q=="
  "resolved" "https://registry.npmjs.org/react-native-safe-area-context/-/react-native-safe-area-context-3.3.2.tgz"
  "version" "3.3.2"

"react-native-screens@^3.6.0", "react-native-screens@>= 3.0.0":
  "integrity" "sha512-emQmSu+B6cOIjJH2OIgpuxd9zCD6xz7/oo5GCetyjsM5qR3sMnVgOxqtK99xPu9XJH/8k7MplXbtJgtk/PHXwA=="
  "resolved" "https://registry.npmjs.org/react-native-screens/-/react-native-screens-3.6.0.tgz"
  "version" "3.6.0"
  dependencies:
    "warn-once" "^0.1.0"

"recaptcha-v3@^1.10.0":
  "integrity" "sha512-aGTxYSk3FFNKnXeKDbLpgRDRyIHRZNBF5HyaXXAN1Aj4TSyyZvmoAn9CylvpqLV3pYpIQavwc+2rzhNFn5SsLQ=="
  "resolved" "https://registry.npmjs.org/recaptcha-v3/-/recaptcha-v3-1.10.0.tgz"
  "version" "1.10.0"

"setimmediate@^1.0.5":
  "integrity" "sha1-KQy7Iy4waULX1+qbg3Mqt4VvgoU="
  "resolved" "https://registry.npmjs.org/setimmediate/-/setimmediate-1.0.5.tgz"
  "version" "1.0.5"

"simple-swizzle@^0.2.2":
  "integrity" "sha1-pNprY1/8zMoz9w0Xy5JZLeleVXo="
  "resolved" "https://registry.npmjs.org/simple-swizzle/-/simple-swizzle-0.2.2.tgz"
  "version" "0.2.2"
  dependencies:
    "is-arrayish" "^0.3.1"

"split-on-first@^1.0.0":
  "integrity" "sha512-43ZssAJaMusuKWL8sKUBQXHWOpq8d6CfN/u1p4gUzfJkM05C8rxTmYrkIPTXapZpORA6LkkzcUulJ8FqA7Uudw=="
  "resolved" "https://registry.npmjs.org/split-on-first/-/split-on-first-1.1.0.tgz"
  "version" "1.1.0"

"strict-uri-encode@^2.0.0":
  "integrity" "sha1-ucczDHBChi9rFC3CdLvMWGbONUY="
  "resolved" "https://registry.npmjs.org/strict-uri-encode/-/strict-uri-encode-2.0.0.tgz"
  "version" "2.0.0"

"string-hash-64@^1.0.3":
  "integrity" "sha512-D5OKWKvDhyVWWn2x5Y9b+37NUllks34q1dCDhk/vYcso9fmhs+Tl3KR/gE4v5UNj2UA35cnX4KdVVGkG1deKqw=="
  "resolved" "https://registry.npmjs.org/string-hash-64/-/string-hash-64-1.0.3.tgz"
  "version" "1.0.3"

"ua-parser-js@^0.7.18":
  "integrity" "sha512-6Gurc1n//gjp9eQNXjD9O3M/sMwVtN5S8Lv9bvOYBfKfDNiIIhqiyi01vMBO45u4zkDE420w/e0se7Vs+sIg+g=="
  "resolved" "https://registry.npmjs.org/ua-parser-js/-/ua-parser-js-0.7.28.tgz"
  "version" "0.7.28"

"warn-once@^0.1.0":
  "integrity" "sha512-recZTSvuaH/On5ZU5ywq66y99lImWqzP93+AiUo9LUwG8gXHW+LJjhOd6REJHm7qb0niYqrEQJvbHSQfuJtTqA=="
  "resolved" "https://registry.npmjs.org/warn-once/-/warn-once-0.1.0.tgz"
  "version" "0.1.0"
